
Microsoft Visual Studio Solution File, Format Version 12.00
# Visual Studio Version 17
VisualStudioVersion = 17.0.31808.319
MinimumVisualStudioVersion = 10.0.40219.1
Project("{FAE04EC0-301F-11D3-BF4B-00C04F79EFBC}") = "KufarResources", "KufarResources\KufarResources.csproj", "{6931CA74-6310-4548-B343-E046D2AF4336}"
EndProject
Global
	GlobalSection(SolutionConfigurationPlatforms) = preSolution
		Debug|Any CPU = Debug|Any CPU
		Release|Any CPU = Release|Any CPU
	EndGlobalSection
	GlobalSection(ProjectConfigurationPlatforms) = postSolution
		{6931CA74-6310-4548-B343-E046D2AF4336}.Debug|Any CPU.ActiveCfg = Debug|Any CPU
		{6931CA74-6310-4548-B343-E046D2AF4336}.Debug|Any CPU.Build.0 = Debug|Any CPU
		{6931CA74-6310-4548-B343-E046D2AF4336}.Release|Any CPU.ActiveCfg = Release|Any CPU
		{6931CA74-6310-4548-B343-E046D2AF4336}.Release|Any CPU.Build.0 = Release|Any CPU
	EndGlobalSection
	GlobalSection(SolutionProperties) = preSolution
		HideSolutionNode = FALSE
	EndGlobalSection
	GlobalSection(ExtensibilityGlobals) = postSolution
		SolutionGuid = {C46F35E0-AC5B-4C6E-BBE5-6C48CABD0FC2}
	EndGlobalSection
EndGlobal
